
Microsoft Visual Studio Solution File, Format Version 12.00
# Visual Studio Version 17
VisualStudioVersion = 17.2.32408.312
MinimumVisualStudioVersion = 10.0.40219.1
Project("{9A19103F-16F7-4668-BE54-9A1E7A4F7556}") = "Adamantium.UI", "Adamantium.UI\Adamantium.UI.csproj", "{820E2B9B-65D7-4988-BB56-7A0987FF9C01}"
EndProject
Project("{FAE04EC0-301F-11D3-BF4B-00C04F79EFBC}") = "Adamantium.UI.Controls", "Adamantium.UI.Controls\Adamantium.UI.Controls.csproj", "{DFD335EB-5BEB-4D49-8733-082D1AA7D1E5}"
EndProject
Project("{FAE04EC0-301F-11D3-BF4B-00C04F79EFBC}") = "Adamantium.UI.Core", "Adamantium.UI.Core\Adamantium.UI.Core.csproj", "{50611649-A256-4BB6-ACD1-B17D624F49EC}"
EndProject
Project("{FAE04EC0-301F-11D3-BF4B-00C04F79EFBC}") = "Adamantium.UI.FX", "Adamantium.UI.FX\Adamantium.UI.FX.csproj", "{6F6C811A-F5EA-4E79-AE36-AB2EFF576A5E}"
EndProject
Project("{9A19103F-16F7-4668-BE54-9A1E7A4F7556}") = "Adamantium.UI.Generators", "Adamantium.UI.Generators\Adamantium.UI.Generators.csproj", "{F8435D84-664B-4B65-94BB-4D867F6FF2F6}"
EndProject
Project("{9A19103F-16F7-4668-BE54-9A1E7A4F7556}") = "Adamantium.UI.Markup", "Adamantium.UI.Markup\Adamantium.UI.Markup.csproj", "{AC13D4EA-3631-4F83-8A47-0A7F38DD27F9}"
EndProject
Project("{FAE04EC0-301F-11D3-BF4B-00C04F79EFBC}") = "Adamantium.UI.Themes", "Adamantium.UI.Themes\Adamantium.UI.Themes.csproj", "{E37ED4E1-D374-41DE-9B8B-4C20940FA7CD}"
EndProject
Project("{FAE04EC0-301F-11D3-BF4B-00C04F79EFBC}") = "Adamantium.Navigation", "Adamantium.Navigation\Adamantium.Navigation.csproj", "{08730058-588A-48B0-AC40-132895F3BB48}"
EndProject
Project("{2150E333-8FDC-42A3-9474-1A3956D46DE8}") = "Tests", "Tests", "{8E2F4A6B-1C3D-4E5F-8A9B-0C1D2E3F4A5B}"
EndProject
Project("{FAE04EC0-301F-11D3-BF4B-00C04F79EFBC}") = "Adamantium.UITests", "Tests\Adamantium.UITests\Adamantium.UITests.csproj", "{62B409DF-B985-41AD-8767-D45381FDA5A8}"
EndProject
Project("{FAE04EC0-301F-11D3-BF4B-00C04F79EFBC}") = "Adamantium.XamlTests", "Tests\Adamantium.XamlTests\Adamantium.XamlTests.csproj", "{56BE44A5-3B44-48F2-9320-6A79787FC8F3}"
EndProject
Project("{FAE04EC0-301F-11D3-BF4B-00C04F79EFBC}") = "Adamantium.UI.GraphicsTests", "Tests\Adamantium.UI.GraphicsTests\Adamantium.UI.GraphicsTests.csproj", "{01112D5D-EAA9-417F-A7D9-859F38360EE3}"
EndProject
Project("{FAE04EC0-301F-11D3-BF4B-00C04F79EFBC}") = "Adamantium.UI.Sandbox.Tests", "Tests\Adamantium.UI.Sandbox.Tests\Adamantium.UI.Sandbox.Tests.csproj", "{56B5C675-ACF9-43CF-BEA0-A33CACF80C81}"
EndProject
Global
	GlobalSection(SolutionConfigurationPlatforms) = preSolution
		Debug|Any CPU = Debug|Any CPU
		Release|Any CPU = Release|Any CPU
	EndGlobalSection
	GlobalSection(ProjectConfigurationPlatforms) = postSolution
		{820E2B9B-65D7-4988-BB56-7A0987FF9C01}.Debug|Any CPU.ActiveCfg = Debug|Any CPU
		{820E2B9B-65D7-4988-BB56-7A0987FF9C01}.Debug|Any CPU.Build.0 = Debug|Any CPU
		{820E2B9B-65D7-4988-BB56-7A0987FF9C01}.Release|Any CPU.ActiveCfg = Release|Any CPU
		{820E2B9B-65D7-4988-BB56-7A0987FF9C01}.Release|Any CPU.Build.0 = Release|Any CPU
		{DFD335EB-5BEB-4D49-8733-082D1AA7D1E5}.Debug|Any CPU.ActiveCfg = Debug|Any CPU
		{DFD335EB-5BEB-4D49-8733-082D1AA7D1E5}.Debug|Any CPU.Build.0 = Debug|Any CPU
		{DFD335EB-5BEB-4D49-8733-082D1AA7D1E5}.Release|Any CPU.ActiveCfg = Release|Any CPU
		{DFD335EB-5BEB-4D49-8733-082D1AA7D1E5}.Release|Any CPU.Build.0 = Release|Any CPU
		{50611649-A256-4BB6-ACD1-B17D624F49EC}.Debug|Any CPU.ActiveCfg = Debug|Any CPU
		{50611649-A256-4BB6-ACD1-B17D624F49EC}.Debug|Any CPU.Build.0 = Debug|Any CPU
		{50611649-A256-4BB6-ACD1-B17D624F49EC}.Release|Any CPU.ActiveCfg = Release|Any CPU
		{50611649-A256-4BB6-ACD1-B17D624F49EC}.Release|Any CPU.Build.0 = Release|Any CPU
		{6F6C811A-F5EA-4E79-AE36-AB2EFF576A5E}.Debug|Any CPU.ActiveCfg = Debug|Any CPU
		{6F6C811A-F5EA-4E79-AE36-AB2EFF576A5E}.Debug|Any CPU.Build.0 = Debug|Any CPU
		{6F6C811A-F5EA-4E79-AE36-AB2EFF576A5E}.Release|Any CPU.ActiveCfg = Release|Any CPU
		{6F6C811A-F5EA-4E79-AE36-AB2EFF576A5E}.Release|Any CPU.Build.0 = Release|Any CPU
		{F8435D84-664B-4B65-94BB-4D867F6FF2F6}.Debug|Any CPU.ActiveCfg = Debug|Any CPU
		{F8435D84-664B-4B65-94BB-4D867F6FF2F6}.Debug|Any CPU.Build.0 = Debug|Any CPU
		{F8435D84-664B-4B65-94BB-4D867F6FF2F6}.Release|Any CPU.ActiveCfg = Release|Any CPU
		{F8435D84-664B-4B65-94BB-4D867F6FF2F6}.Release|Any CPU.Build.0 = Release|Any CPU
		{AC13D4EA-3631-4F83-8A47-0A7F38DD27F9}.Debug|Any CPU.ActiveCfg = Debug|Any CPU
		{AC13D4EA-3631-4F83-8A47-0A7F38DD27F9}.Debug|Any CPU.Build.0 = Debug|Any CPU
		{AC13D4EA-3631-4F83-8A47-0A7F38DD27F9}.Release|Any CPU.ActiveCfg = Release|Any CPU
		{AC13D4EA-3631-4F83-8A47-0A7F38DD27F9}.Release|Any CPU.Build.0 = Release|Any CPU
		{E37ED4E1-D374-41DE-9B8B-4C20940FA7CD}.Debug|Any CPU.ActiveCfg = Debug|Any CPU
		{E37ED4E1-D374-41DE-9B8B-4C20940FA7CD}.Debug|Any CPU.Build.0 = Debug|Any CPU
		{E37ED4E1-D374-41DE-9B8B-4C20940FA7CD}.Release|Any CPU.ActiveCfg = Release|Any CPU
		{E37ED4E1-D374-41DE-9B8B-4C20940FA7CD}.Release|Any CPU.Build.0 = Release|Any CPU
		{08730058-588A-48B0-AC40-132895F3BB48}.Debug|Any CPU.ActiveCfg = Debug|Any CPU
		{08730058-588A-48B0-AC40-132895F3BB48}.Debug|Any CPU.Build.0 = Debug|Any CPU
		{08730058-588A-48B0-AC40-132895F3BB48}.Release|Any CPU.ActiveCfg = Release|Any CPU
		{08730058-588A-48B0-AC40-132895F3BB48}.Release|Any CPU.Build.0 = Release|Any CPU
		{62B409DF-B985-41AD-8767-D45381FDA5A8}.Debug|Any CPU.ActiveCfg = Debug|Any CPU
		{62B409DF-B985-41AD-8767-D45381FDA5A8}.Debug|Any CPU.Build.0 = Debug|Any CPU
		{62B409DF-B985-41AD-8767-D45381FDA5A8}.Release|Any CPU.ActiveCfg = Release|Any CPU
		{62B409DF-B985-41AD-8767-D45381FDA5A8}.Release|Any CPU.Build.0 = Release|Any CPU
		{56BE44A5-3B44-48F2-9320-6A79787FC8F3}.Debug|Any CPU.ActiveCfg = Debug|Any CPU
		{56BE44A5-3B44-48F2-9320-6A79787FC8F3}.Debug|Any CPU.Build.0 = Debug|Any CPU
		{56BE44A5-3B44-48F2-9320-6A79787FC8F3}.Release|Any CPU.ActiveCfg = Release|Any CPU
		{56BE44A5-3B44-48F2-9320-6A79787FC8F3}.Release|Any CPU.Build.0 = Release|Any CPU
		{01112D5D-EAA9-417F-A7D9-859F38360EE3}.Debug|Any CPU.ActiveCfg = Debug|Any CPU
		{01112D5D-EAA9-417F-A7D9-859F38360EE3}.Debug|Any CPU.Build.0 = Debug|Any CPU
		{01112D5D-EAA9-417F-A7D9-859F38360EE3}.Release|Any CPU.ActiveCfg = Release|Any CPU
		{01112D5D-EAA9-417F-A7D9-859F38360EE3}.Release|Any CPU.Build.0 = Release|Any CPU
		{56B5C675-ACF9-43CF-BEA0-A33CACF80C81}.Debug|Any CPU.ActiveCfg = Debug|Any CPU
		{56B5C675-ACF9-43CF-BEA0-A33CACF80C81}.Debug|Any CPU.Build.0 = Debug|Any CPU
		{56B5C675-ACF9-43CF-BEA0-A33CACF80C81}.Release|Any CPU.ActiveCfg = Release|Any CPU
		{56B5C675-ACF9-43CF-BEA0-A33CACF80C81}.Release|Any CPU.Build.0 = Release|Any CPU
	EndGlobalSection
	GlobalSection(SolutionProperties) = preSolution
		HideSolutionNode = FALSE
	EndGlobalSection
	GlobalSection(NestedProjects) = preSolution
		{62B409DF-B985-41AD-8767-D45381FDA5A8} = {8E2F4A6B-1C3D-4E5F-8A9B-0C1D2E3F4A5B}
		{56BE44A5-3B44-48F2-9320-6A79787FC8F3} = {8E2F4A6B-1C3D-4E5F-8A9B-0C1D2E3F4A5B}
		{01112D5D-EAA9-417F-A7D9-859F38360EE3} = {8E2F4A6B-1C3D-4E5F-8A9B-0C1D2E3F4A5B}
		{56B5C675-ACF9-43CF-BEA0-A33CACF80C81} = {8E2F4A6B-1C3D-4E5F-8A9B-0C1D2E3F4A5B}
	EndGlobalSection
	GlobalSection(ExtensibilityGlobals) = postSolution
		SolutionGuid = {EF54986A-DE62-42C1-BBBF-7F33556FA893}
	EndGlobalSection
EndGlobal
